// !$*UTF8*$!
{
	archiveVersion = 1;
	classes = {
	};
	objectVersion = 46;
	objects = {

/* Begin PBXBuildFile section */
		1CF261F019F948880055C96A /* Foundation.framework in Frameworks */ = {isa = PBXBuildFile; fileRef = 1CF261EF19F948880055C96A /* Foundation.framework */; };
		1CF261F219F948880055C96A /* CoreGraphics.framework in Frameworks */ = {isa = PBXBuildFile; fileRef = 1CF261F119F948880055C96A /* CoreGraphics.framework */; };
		1CF261F419F948880055C96A /* UIKit.framework in Frameworks */ = {isa = PBXBuildFile; fileRef = 1CF261F319F948880055C96A /* UIKit.framework */; };
		1CF261FA19F948880055C96A /* InfoPlist.strings in Resources */ = {isa = PBXBuildFile; fileRef = 1CF261F819F948880055C96A /* InfoPlist.strings */; };
		1CF261FC19F948880055C96A /* main.m in Sources */ = {isa = PBXBuildFile; fileRef = 1CF261FB19F948880055C96A /* main.m */; };
		1CF2620019F948880055C96A /* AppDelegate.m in Sources */ = {isa = PBXBuildFile; fileRef = 1CF261FF19F948880055C96A /* AppDelegate.m */; };
		1CF2620319F948880055C96A /* Main.storyboard in Resources */ = {isa = PBXBuildFile; fileRef = 1CF2620119F948880055C96A /* Main.storyboard */; };
		1CF2620619F948880055C96A /* ViewController.m in Sources */ = {isa = PBXBuildFile; fileRef = 1CF2620519F948880055C96A /* ViewController.m */; };
		1CF2620819F948880055C96A /* Images.xcassets in Resources */ = {isa = PBXBuildFile; fileRef = 1CF2620719F948880055C96A /* Images.xcassets */; };
		1CF2620F19F948880055C96A /* XCTest.framework in Frameworks */ = {isa = PBXBuildFile; fileRef = 1CF2620E19F948880055C96A /* XCTest.framework */; };
		1CF2621019F948880055C96A /* Foundation.framework in Frameworks */ = {isa = PBXBuildFile; fileRef = 1CF261EF19F948880055C96A /* Foundation.framework */; };
		1CF2621119F948880055C96A /* UIKit.framework in Frameworks */ = {isa = PBXBuildFile; fileRef = 1CF261F319F948880055C96A /* UIKit.framework */; };
		1CF2621919F948880055C96A /* InfoPlist.strings in Resources */ = {isa = PBXBuildFile; fileRef = 1CF2621719F948880055C96A /* InfoPlist.strings */; };
		1CF2621B19F948880055C96A /* AfsdfsTests.m in Sources */ = {isa = PBXBuildFile; fileRef = 1CF2621A19F948880055C96A /* AfsdfsTests.m */; };
/* End PBXBuildFile section */

/* Begin PBXContainerItemProxy section */
		1CF2621219F948880055C96A /* PBXContainerItemProxy */ = {
			isa = PBXContainerItemProxy;
			containerPortal = 1CF261E419F948880055C96A /* Project object */;
			proxyType = 1;
			remoteGlobalIDString = 1CF261EB19F948880055C96A;
			remoteInfo = Afsdfs;
		};
/* End PBXContainerItemProxy section */

/* Begin PBXFileReference section */
		1CF261EC19F948880055C96A /* Afsdfs.app */ = {isa = PBXFileReference; explicitFileType = wrapper.application; includeInIndex = 0; path = Afsdfs.app; sourceTree = BUILT_PRODUCTS_DIR; };
		1CF261EF19F948880055C96A /* Foundation.framework */ = {isa = PBXFileReference; lastKnownFileType = wrapper.framework; name = Foundation.framework; path = System/Library/Frameworks/Foundation.framework; sourceTree = SDKROOT; };
		1CF261F119F948880055C96A /* CoreGraphics.framework */ = {isa = PBXFileReference; lastKnownFileType = wrapper.framework; name = CoreGraphics.framework; path = System/Library/Frameworks/CoreGraphics.framework; sourceTree = SDKROOT; };
		1CF261F319F948880055C96A /* UIKit.framework */ = {isa = PBXFileReference; lastKnownFileType = wrapper.framework; name = UIKit.framework; path = System/Library/Frameworks/UIKit.framework; sourceTree = SDKROOT; };
		1CF261F719F948880055C96A /* Afsdfs-Info.plist */ = {isa = PBXFileReference; lastKnownFileType = text.plist.xml; path = "Afsdfs-Info.plist"; sourceTree = "<group>"; };
		1CF261F919F948880055C96A /* en */ = {isa = PBXFileReference; lastKnownFileType = text.plist.strings; name = en; path = en.lproj/InfoPlist.strings; sourceTree = "<group>"; };
		1CF261FB19F948880055C96A /* main.m */ = {isa = PBXFileReference; lastKnownFileType = sourcecode.c.objc; path = main.m; sourceTree = "<group>"; };
		1CF261FD19F948880055C96A /* Afsdfs-Prefix.pch */ = {isa = PBXFileReference; lastKnownFileType = sourcecode.c.h; path = "Afsdfs-Prefix.pch"; sourceTree = "<group>"; };
		1CF261FE19F948880055C96A /* AppDelegate.h */ = {isa = PBXFileReference; lastKnownFileType = sourcecode.c.h; path = AppDelegate.h; sourceTree = "<group>"; };
		1CF261FF19F948880055C96A /* AppDelegate.m */ = {isa = PBXFileReference; lastKnownFileType = sourcecode.c.objc; path = AppDelegate.m; sourceTree = "<group>"; };
		1CF2620219F948880055C96A /* Base */ = {isa = PBXFileReference; lastKnownFileType = file.storyboard; name = Base; path = Base.lproj/Main.storyboard; sourceTree = "<group>"; };
		1CF2620419F948880055C96A /* ViewController.h */ = {isa = PBXFileReference; lastKnownFileType = sourcecode.c.h; path = ViewController.h; sourceTree = "<group>"; };
		1CF2620519F948880055C96A /* ViewController.m */ = {isa = PBXFileReference; lastKnownFileType = sourcecode.c.objc; path = ViewController.m; sourceTree = "<group>"; };
		1CF2620719F948880055C96A /* Images.xcassets */ = {isa = PBXFileReference; lastKnownFileType = folder.assetcatalog; path = Images.xcassets; sourceTree = "<group>"; };
		1CF2620D19F948880055C96A /* AfsdfsTests.xctest */ = {isa = PBXFileReference; explicitFileType = wrapper.cfbundle; includeInIndex = 0; path = AfsdfsTests.xctest; sourceTree = BUILT_PRODUCTS_DIR; };
		1CF2620E19F948880055C96A /* XCTest.framework */ = {isa = PBXFileReference; lastKnownFileType = wrapper.framework; name = XCTest.framework; path = Library/Frameworks/XCTest.framework; sourceTree = DEVELOPER_DIR; };
		1CF2621619F948880055C96A /* AfsdfsTests-Info.plist */ = {isa = PBXFileReference; lastKnownFileType = text.plist.xml; path = "AfsdfsTests-Info.plist"; sourceTree = "<group>"; };
		1CF2621819F948880055C96A /* en */ = {isa = PBXFileReference; lastKnownFileType = text.plist.strings; name = en; path = en.lproj/InfoPlist.strings; sourceTree = "<group>"; };
		1CF2621A19F948880055C96A /* AfsdfsTests.m */ = {isa = PBXFileReference; lastKnownFileType = sourcecode.c.objc; path = AfsdfsTests.m; sourceTree = "<group>"; };
/* End PBXFileReference section */

/* Begin PBXFrameworksBuildPhase section */
		1CF261E919F948880055C96A /* Frameworks */ = {
			isa = PBXFrameworksBuildPhase;
			buildActionMask = 2147483647;
			files = (
				1CF261F219F948880055C96A /* CoreGraphics.framework in Frameworks */,
				1CF261F419F948880055C96A /* UIKit.framework in Frameworks */,
				1CF261F019F948880055C96A /* Foundation.framework in Frameworks */,
			);
			runOnlyForDeploymentPostprocessing = 0;
		};
		1CF2620A19F948880055C96A /* Frameworks */ = {
			isa = PBXFrameworksBuildPhase;
			buildActionMask = 2147483647;
			files = (
				1CF2620F19F948880055C96A /* XCTest.framework in Frameworks */,
				1CF2621119F948880055C96A /* UIKit.framework in Frameworks */,
				1CF2621019F948880055C96A /* Foundation.framework in Frameworks */,
			);
			runOnlyForDeploymentPostprocessing = 0;
		};
/* End PBXFrameworksBuildPhase section */

/* Begin PBXGroup section */
		1CF261E319F948880055C96A = {
			isa = PBXGroup;
			children = (
				1CF261F519F948880055C96A /* Afsdfs */,
				1CF2621419F948880055C96A /* AfsdfsTests */,
				1CF261EE19F948880055C96A /* Frameworks */,
				1CF261ED19F948880055C96A /* Products */,
			);
			sourceTree = "<group>";
		};
		1CF261ED19F948880055C96A /* Products */ = {
			isa = PBXGroup;
			children = (
				1CF261EC19F948880055C96A /* Afsdfs.app */,
				1CF2620D19F948880055C96A /* AfsdfsTests.xctest */,
			);
			name = Products;
			sourceTree = "<group>";
		};
		1CF261EE19F948880055C96A /* Frameworks */ = {
			isa = PBXGroup;
			children = (
				1CF261EF19F948880055C96A /* Foundation.framework */,
				1CF261F119F948880055C96A /* CoreGraphics.framework */,
				1CF261F319F948880055C96A /* UIKit.framework */,
				1CF2620E19F948880055C96A /* XCTest.framework */,
			);
			name = Frameworks;
			sourceTree = "<group>";
		};
		1CF261F519F948880055C96A /* Afsdfs */ = {
			isa = PBXGroup;
			children = (
				1CF261FE19F948880055C96A /* AppDelegate.h */,
				1CF261FF19F948880055C96A /* AppDelegate.m */,
				1CF2620119F948880055C96A /* Main.storyboard */,
				1CF2620419F948880055C96A /* ViewController.h */,
				1CF2620519F948880055C96A /* ViewController.m */,
				1CF2620719F948880055C96A /* Images.xcassets */,
				1CF261F619F948880055C96A /* Supporting Files */,
			);
			path = Afsdfs;
			sourceTree = "<group>";
		};
		1CF261F619F948880055C96A /* Supporting Files */ = {
			isa = PBXGroup;
			children = (
				1CF261F719F948880055C96A /* Afsdfs-Info.plist */,
				1CF261F819F948880055C96A /* InfoPlist.strings */,
				1CF261FB19F948880055C96A /* main.m */,
				1CF261FD19F948880055C96A /* Afsdfs-Prefix.pch */,
			);
			name = "Supporting Files";
			sourceTree = "<group>";
		};
		1CF2621419F948880055C96A /* AfsdfsTests */ = {
			isa = PBXGroup;
			children = (
				1CF2621A19F948880055C96A /* AfsdfsTests.m */,
				1CF2621519F948880055C96A /* Supporting Files */,
			);
			path = AfsdfsTests;
			sourceTree = "<group>";
		};
		1CF2621519F948880055C96A /* Supporting Files */ = {
			isa = PBXGroup;
			children = (
				1CF2621619F948880055C96A /* AfsdfsTests-Info.plist */,
				1CF2621719F948880055C96A /* InfoPlist.strings */,
			);
			name = "Supporting Files";
			sourceTree = "<group>";
		};
/* End PBXGroup section */

/* Begin PBXNativeTarget section */
		1CF261EB19F948880055C96A /* Afsdfs */ = {
			isa = PBXNativeTarget;
			buildConfigurationList = 1CF2621E19F948880055C96A /* Build configuration list for PBXNativeTarget "Afsdfs" */;
			buildPhases = (
				1CF261E819F948880055C96A /* Sources */,
				1CF261E919F948880055C96A /* Frameworks */,
				1CF261EA19F948880055C96A /* Resources */,
			);
			buildRules = (
			);
			dependencies = (
			);
			name = Afsdfs;
			productName = Afsdfs;
			productReference = 1CF261EC19F948880055C96A /* Afsdfs.app */;
			productType = "com.apple.product-type.application";
		};
		1CF2620C19F948880055C96A /* AfsdfsTests */ = {
			isa = PBXNativeTarget;
			buildConfigurationList = 1CF2622119F948880055C96A /* Build configuration list for PBXNativeTarget "AfsdfsTests" */;
			buildPhases = (
				1CF2620919F948880055C96A /* Sources */,
				1CF2620A19F948880055C96A /* Frameworks */,
				1CF2620B19F948880055C96A /* Resources */,
			);
			buildRules = (
			);
			dependencies = (
				1CF2621319F948880055C96A /* PBXTargetDependency */,
			);
			name = AfsdfsTests;
			productName = AfsdfsTests;
			productReference = 1CF2620D19F948880055C96A /* AfsdfsTests.xctest */;
			productType = "com.apple.product-type.bundle.unit-test";
		};
/* End PBXNativeTarget section */

/* Begin PBXProject section */
		1CF261E419F948880055C96A /* Project object */ = {
			isa = PBXProject;
			attributes = {
				LastUpgradeCheck = 0510;
				ORGANIZATIONNAME = "Айдар";
				TargetAttributes = {
					1CF2620C19F948880055C96A = {
						TestTargetID = 1CF261EB19F948880055C96A;
					};
				};
			};
			buildConfigurationList = 1CF261E719F948880055C96A /* Build configuration list for PBXProject "Afsdfs" */;
			compatibilityVersion = "Xcode 3.2";
			developmentRegion = English;
			hasScannedForEncodings = 0;
			knownRegions = (
				en,
				Base,
			);
			mainGroup = 1CF261E319F948880055C96A;
			productRefGroup = 1CF261ED19F948880055C96A /* Products */;
			projectDirPath = "";
			projectRoot = "";
			targets = (
				1CF261EB19F948880055C96A /* Afsdfs */,
				1CF2620C19F948880055C96A /* AfsdfsTests */,
			);
		};
/* End PBXProject section */

/* Begin PBXResourcesBuildPhase section */
		1CF261EA19F948880055C96A /* Resources */ = {
			isa = PBXResourcesBuildPhase;
			buildActionMask = 2147483647;
			files = (
				1CF2620819F948880055C96A /* Images.xcassets in Resources */,
				1CF261FA19F948880055C96A /* InfoPlist.strings in Resources */,
				1CF2620319F948880055C96A /* Main.storyboard in Resources */,
			);
			runOnlyForDeploymentPostprocessing = 0;
		};
		1CF2620B19F948880055C96A /* Resources */ = {
			isa = PBXResourcesBuildPhase;
			buildActionMask = 2147483647;
			files = (
				1CF2621919F948880055C96A /* InfoPlist.strings in Resources */,
			);
			runOnlyForDeploymentPostprocessing = 0;
		};
/* End PBXResourcesBuildPhase section */

/* Begin PBXSourcesBuildPhase section */
		1CF261E819F948880055C96A /* Sources */ = {
			isa = PBXSourcesBuildPhase;
			buildActionMask = 2147483647;
			files = (
				1CF2620619F948880055C96A /* ViewController.m in Sources */,
				1CF2620019F948880055C96A /* AppDelegate.m in Sources */,
				1CF261FC19F948880055C96A /* main.m in Sources */,
			);
			runOnlyForDeploymentPostprocessing = 0;
		};
		1CF2620919F948880055C96A /* Sources */ = {
			isa = PBXSourcesBuildPhase;
			buildActionMask = 2147483647;
			files = (
				1CF2621B19F948880055C96A /* AfsdfsTests.m in Sources */,
			);
			runOnlyForDeploymentPostprocessing = 0;
		};
/* End PBXSourcesBuildPhase section */

/* Begin PBXTargetDependency section */
		1CF2621319F948880055C96A /* PBXTargetDependency */ = {
			isa = PBXTargetDependency;
			target = 1CF261EB19F948880055C96A /* Afsdfs */;
			targetProxy = 1CF2621219F948880055C96A /* PBXContainerItemProxy */;
		};
/* End PBXTargetDependency section */

/* Begin PBXVariantGroup section */
		1CF261F819F948880055C96A /* InfoPlist.strings */ = {
			isa = PBXVariantGroup;
			children = (
				1CF261F919F948880055C96A /* en */,
			);
			name = InfoPlist.strings;
			sourceTree = "<group>";
		};
		1CF2620119F948880055C96A /* Main.storyboard */ = {
			isa = PBXVariantGroup;
			children = (
				1CF2620219F948880055C96A /* Base */,
			);
			name = Main.storyboard;
			sourceTree = "<group>";
		};
		1CF2621719F948880055C96A /* InfoPlist.strings */ = {
			isa = PBXVariantGroup;
			children = (
				1CF2621819F948880055C96A /* en */,
			);
			name = InfoPlist.strings;
			sourceTree = "<group>";
		};
/* End PBXVariantGroup section */

/* Begin XCBuildConfiguration section */
		1CF2621C19F948880055C96A /* Debug */ = {
			isa = XCBuildConfiguration;
			buildSettings = {
				ALWAYS_SEARCH_USER_PATHS = NO;
				CLANG_CXX_LANGUAGE_STANDARD = "gnu++0x";
				CLANG_CXX_LIBRARY = "libc++";
				CLANG_ENABLE_MODULES = YES;
				CLANG_ENABLE_OBJC_ARC = YES;
				CLANG_WARN_BOOL_CONVERSION = YES;
				CLANG_WARN_CONSTANT_CONVERSION = YES;
				CLANG_WARN_DIRECT_OBJC_ISA_USAGE = YES_ERROR;
				CLANG_WARN_EMPTY_BODY = YES;
				CLANG_WARN_ENUM_CONVERSION = YES;
				CLANG_WARN_INT_CONVERSION = YES;
				CLANG_WARN_OBJC_ROOT_CLASS = YES_ERROR;
				CLANG_WARN__DUPLICATE_METHOD_MATCH = YES;
				"CODE_SIGN_IDENTITY[sdk=iphoneos*]" = "iPhone Developer";
				COPY_PHASE_STRIP = NO;
				GCC_C_LANGUAGE_STANDARD = gnu99;
				GCC_DYNAMIC_NO_PIC = NO;
				GCC_OPTIMIZATION_LEVEL = 0;
				GCC_PREPROCESSOR_DEFINITIONS = (
					"DEBUG=1",
					"$(inherited)",
				);
				GCC_SYMBOLS_PRIVATE_EXTERN = NO;
				GCC_WARN_64_TO_32_BIT_CONVERSION = YES;
				GCC_WARN_ABOUT_RETURN_TYPE = YES_ERROR;
				GCC_WARN_UNDECLARED_SELECTOR = YES;
				GCC_WARN_UNINITIALIZED_AUTOS = YES_AGGRESSIVE;
				GCC_WARN_UNUSED_FUNCTION = YES;
				GCC_WARN_UNUSED_VARIABLE = YES;
				IPHONEOS_DEPLOYMENT_TARGET = 7.1;
				ONLY_ACTIVE_ARCH = YES;
				SDKROOT = iphoneos;
			};
			name = Debug;
		};
		1CF2621D19F948880055C96A /* Release */ = {
			isa = XCBuildConfiguration;
			buildSettings = {
				ALWAYS_SEARCH_USER_PATHS = NO;
				CLANG_CXX_LANGUAGE_STANDARD = "gnu++0x";
				CLANG_CXX_LIBRARY = "libc++";
				CLANG_ENABLE_MODULES = YES;
				CLANG_ENABLE_OBJC_ARC = YES;
				CLANG_WARN_BOOL_CONVERSION = YES;
				CLANG_WARN_CONSTANT_CONVERSION = YES;
				CLANG_WARN_DIRECT_OBJC_ISA_USAGE = YES_ERROR;
				CLANG_WARN_EMPTY_BODY = YES;
				CLANG_WARN_ENUM_CONVERSION = YES;
				CLANG_WARN_INT_CONVERSION = YES;
				CLANG_WARN_OBJC_ROOT_CLASS = YES_ERROR;
				CLANG_WARN__DUPLICATE_METHOD_MATCH = YES;
				"CODE_SIGN_IDENTITY[sdk=iphoneos*]" = "iPhone Developer";
				COPY_PHASE_STRIP = YES;
				ENABLE_NS_ASSERTIONS = NO;
				GCC_C_LANGUAGE_STANDARD = gnu99;
				GCC_WARN_64_TO_32_BIT_CONVERSION = YES;
				GCC_WARN_ABOUT_RETURN_TYPE = YES_ERROR;
				GCC_WARN_UNDECLARED_SELECTOR = YES;
				GCC_WARN_UNINITIALIZED_AUTOS = YES_AGGRESSIVE;
				GCC_WARN_UNUSED_FUNCTION = YES;
				GCC_WARN_UNUSED_VARIABLE = YES;
				IPHONEOS_DEPLOYMENT_TARGET = 7.1;
				SDKROOT = iphoneos;
				VALIDATE_PRODUCT = YES;
			};
			name = Release;
		};
		1CF2621F19F948880055C96A /* Debug */ = {
			isa = XCBuildConfiguration;
			buildSettings = {
				ASSETCATALOG_COMPILER_APPICON_NAME = AppIcon;
				ASSETCATALOG_COMPILER_LAUNCHIMAGE_NAME = LaunchImage;
				GCC_PRECOMPILE_PREFIX_HEADER = YES;
				GCC_PREFIX_HEADER = "Afsdfs/Afsdfs-Prefix.pch";
				INFOPLIST_FILE = "Afsdfs/Afsdfs-Info.plist";
				PRODUCT_NAME = "$(TARGET_NAME)";
				WRAPPER_EXTENSION = app;
			};
			name = Debug;
		};
		1CF2622019F948880055C96A /* Release */ = {
			isa = XCBuildConfiguration;
			buildSettings = {
				ASSETCATALOG_COMPILER_APPICON_NAME = AppIcon;
				ASSETCATALOG_COMPILER_LAUNCHIMAGE_NAME = LaunchImage;
				GCC_PRECOMPILE_PREFIX_HEADER = YES;
				GCC_PREFIX_HEADER = "Afsdfs/Afsdfs-Prefix.pch";
				INFOPLIST_FILE = "Afsdfs/Afsdfs-Info.plist";
				PRODUCT_NAME = "$(TARGET_NAME)";
				WRAPPER_EXTENSION = app;
			};
			name = Release;
		};
		1CF2622219F948880055C96A /* Debug */ = {
			isa = XCBuildConfiguration;
			buildSettings = {
				BUNDLE_LOADER = "$(BUILT_PRODUCTS_DIR)/Afsdfs.app/Afsdfs";
				FRAMEWORK_SEARCH_PATHS = (
					"$(SDKROOT)/Developer/Library/Frameworks",
					"$(inherited)",
					"$(DEVELOPER_FRAMEWORKS_DIR)",
				);
				GCC_PRECOMPILE_PREFIX_HEADER = YES;
				GCC_PREFIX_HEADER = "Afsdfs/Afsdfs-Prefix.pch";
				GCC_PREPROCESSOR_DEFINITIONS = (
					"DEBUG=1",
					"$(inherited)",
				);
				INFOPLIST_FILE = "AfsdfsTests/AfsdfsTests-Info.plist";
				PRODUCT_NAME = "$(TARGET_NAME)";
				TEST_HOST = "$(BUNDLE_LOADER)";
				WRAPPER_EXTENSION = xctest;
			};
			name = Debug;
		};
		1CF2622319F948880055C96A /* Release */ = {
			isa = XCBuildConfiguration;
			buildSettings = {
				BUNDLE_LOADER = "$(BUILT_PRODUCTS_DIR)/Afsdfs.app/Afsdfs";
				FRAMEWORK_SEARCH_PATHS = (
					"$(SDKROOT)/Developer/Library/Frameworks",
					"$(inherited)",
					"$(DEVELOPER_FRAMEWORKS_DIR)",
				);
				GCC_PRECOMPILE_PREFIX_HEADER = YES;
				GCC_PREFIX_HEADER = "Afsdfs/Afsdfs-Prefix.pch";
				INFOPLIST_FILE = "AfsdfsTests/AfsdfsTests-Info.plist";
				PRODUCT_NAME = "$(TARGET_NAME)";
				TEST_HOST = "$(BUNDLE_LOADER)";
				WRAPPER_EXTENSION = xctest;
			};
			name = Release;
		};
/* End XCBuildConfiguration section */

/* Begin XCConfigurationList section */
		1CF261E719F948880055C96A /* Build configuration list for PBXProject "Afsdfs" */ = {
			isa = XCConfigurationList;
			buildConfigurations = (
				1CF2621C19F948880055C96A /* Debug */,
				1CF2621D19F948880055C96A /* Release */,
			);
			defaultConfigurationIsVisible = 0;
			defaultConfigurationName = Release;
		};
		1CF2621E19F948880055C96A /* Build configuration list for PBXNativeTarget "Afsdfs" */ = {
			isa = XCConfigurationList;
			buildConfigurations = (
				1CF2621F19F948880055C96A /* Debug */,
				1CF2622019F948880055C96A /* Release */,
			);
			defaultConfigurationIsVisible = 0;
		};
		1CF2622119F948880055C96A /* Build configuration list for PBXNativeTarget "AfsdfsTests" */ = {
			isa = XCConfigurationList;
			buildConfigurations = (
				1CF2622219F948880055C96A /* Debug */,
				1CF2622319F948880055C96A /* Release */,
			);
			defaultConfigurationIsVisible = 0;
		};
/* End XCConfigurationList section */
	};
	rootObject = 1CF261E419F948880055C96A /* Project object */;
}
